# This file is autogenerated, do not edit; changes may be undone by the next 'dep ensure'.


[[projects]]
  branch = "master"
  digest = "1:635ac9478e783f09b2945663e359ebf74bc225b37f9845795d1b247285b458a2"
  name = "github.com/pkg/browser"
  packages = ["."]
  pruneopts = "UT"
  revision = "0a3d74bf9ce488f035cf5bc36f753a711bc74334"

[[projects]]
  branch = "master"
  digest = "1:e116d5dd784a9373096428ea1e39503d0cfeb9c68340e2c0a19aa657709f6911"
  name = "golang.org/x/tools"
  packages = [
    "container/intsets",
    "go/ast/astutil",
    "go/buildutil",
    "go/callgraph",
    "go/gcexportdata",
    "go/internal/cgo",
    "go/internal/gcimporter",
    "go/loader",
    "go/packages",
    "go/pointer",
    "go/ssa",
    "go/ssa/ssautil",
    "go/types/typeutil",
  ]
  pruneopts = "UT"
  revision = "90fa682c2a6e6a37b3a1364ce2fe1d5e41af9d6d"

[solve-meta]
  analyzer-name = "dep"
  analyzer-version = 1
  input-imports = [
    "github.com/pkg/browser",
    "golang.org/x/tools/go/buildutil",
    "golang.org/x/tools/go/callgraph",
    "golang.org/x/tools/go/loader",
    "golang.org/x/tools/go/pointer",
    "golang.org/x/tools/go/ssa",
    "golang.org/x/tools/go/ssa/ssautil",
  ]
  solver-name = "gps-cdcl"
  solver-version = 1
